
Microsoft Visual Studio Solution File, Format Version 12.00
# Visual Studio Version 17
VisualStudioVersion = 17.3.32929.385
MinimumVisualStudioVersion = 10.0.40219.1
Project("{FAE04EC0-301F-11D3-BF4B-00C04F79EFBC}") = "SprinCTTest_Basvaraj", "SprinCTTest_Basvaraj.csproj", "{36F03025-BEC8-44F3-87FE-9C0F364A63E2}"
EndProject
Global
	GlobalSection(SolutionConfigurationPlatforms) = preSolution
		Debug|Any CPU = Debug|Any CPU
		Release|Any CPU = Release|Any CPU
	EndGlobalSection
	GlobalSection(ProjectConfigurationPlatforms) = postSolution
		{36F03025-BEC8-44F3-87FE-9C0F364A63E2}.Debug|Any CPU.ActiveCfg = Debug|Any CPU
		{36F03025-BEC8-44F3-87FE-9C0F364A63E2}.Debug|Any CPU.Build.0 = Debug|Any CPU
		{36F03025-BEC8-44F3-87FE-9C0F364A63E2}.Release|Any CPU.ActiveCfg = Release|Any CPU
		{36F03025-BEC8-44F3-87FE-9C0F364A63E2}.Release|Any CPU.Build.0 = Release|Any CPU
	EndGlobalSection
	GlobalSection(SolutionProperties) = preSolution
		HideSolutionNode = FALSE
	EndGlobalSection
	GlobalSection(ExtensibilityGlobals) = postSolution
		SolutionGuid = {0264DF56-C0F3-4854-BFC9-FB664B02BF87}
	EndGlobalSection
EndGlobal
